
Microsoft Visual Studio Solution File, Format Version 12.00
# Visual Studio Version 17
VisualStudioVersion = 17.8.34525.116
MinimumVisualStudioVersion = 10.0.40219.1
Project("{9A19103F-16F7-4668-BE54-9A1E7A4F7556}") = "EmployeeManagement.API", "EmployeeManagement.API\EmployeeManagement.API.csproj", "{957766A0-991B-46D5-95DA-A5A2152197B0}"
EndProject
Project("{FAE04EC0-301F-11D3-BF4B-00C04F79EFBC}") = "EmployeeManagement.UnitTesting", "EmployeeManagement.UnitTesting\EmployeeManagement.UnitTesting.csproj", "{A0DC713B-34CE-4367-B24B-1CBD2D87F2A6}"
EndProject
Global
	GlobalSection(SolutionConfigurationPlatforms) = preSolution
		Debug|Any CPU = Debug|Any CPU
		Release|Any CPU = Release|Any CPU
	EndGlobalSection
	GlobalSection(ProjectConfigurationPlatforms) = postSolution
		{957766A0-991B-46D5-95DA-A5A2152197B0}.Debug|Any CPU.ActiveCfg = Debug|Any CPU
		{957766A0-991B-46D5-95DA-A5A2152197B0}.Debug|Any CPU.Build.0 = Debug|Any CPU
		{957766A0-991B-46D5-95DA-A5A2152197B0}.Release|Any CPU.ActiveCfg = Release|Any CPU
		{957766A0-991B-46D5-95DA-A5A2152197B0}.Release|Any CPU.Build.0 = Release|Any CPU
		{A0DC713B-34CE-4367-B24B-1CBD2D87F2A6}.Debug|Any CPU.ActiveCfg = Debug|Any CPU
		{A0DC713B-34CE-4367-B24B-1CBD2D87F2A6}.Debug|Any CPU.Build.0 = Debug|Any CPU
		{A0DC713B-34CE-4367-B24B-1CBD2D87F2A6}.Release|Any CPU.ActiveCfg = Release|Any CPU
		{A0DC713B-34CE-4367-B24B-1CBD2D87F2A6}.Release|Any CPU.Build.0 = Release|Any CPU
	EndGlobalSection
	GlobalSection(SolutionProperties) = preSolution
		HideSolutionNode = FALSE
	EndGlobalSection
	GlobalSection(ExtensibilityGlobals) = postSolution
		SolutionGuid = {E4D08734-D8B8-4715-B4A9-5E664375588F}
	EndGlobalSection
EndGlobal
